
Microsoft Visual Studio Solution File, Format Version 12.00
# Visual Studio 2013
VisualStudioVersion = 12.0.31101.0
MinimumVisualStudioVersion = 10.0.40219.1
Project("{FAE04EC0-301F-11D3-BF4B-00C04F79EFBC}") = "WTM.Crawler", "WTM.Crawler\WTM.Crawler.csproj", "{0A433949-DD18-4B4F-A31E-61415FC2A38A}"
EndProject
Project("{2150E333-8FDC-42A3-9474-1A3956D46DE8}") = "Tests", "Tests", "{2FD81C3D-787D-46B8-8062-3701330371F6}"
EndProject
Project("{FAE04EC0-301F-11D3-BF4B-00C04F79EFBC}") = "WTM.Crawler.Test", "WTM.Crawler.Test\WTM.Crawler.Test.csproj", "{1022C2E5-EF1A-474A-BE00-46BF578DCEAE}"
EndProject
Project("{FAE04EC0-301F-11D3-BF4B-00C04F79EFBC}") = "WTM.Api.Client.Test", "WTM.Api.Client.Test\WTM.Api.Client.Test.csproj", "{DAE4D85C-A8B4-4E9B-925D-E83F561416C7}"
EndProject
Project("{FAE04EC0-301F-11D3-BF4B-00C04F79EFBC}") = "WTM.Domain", "WTM.Domain\WTM.Domain.csproj", "{260C6A5F-983C-43B5-BADE-AD285CDBA2B9}"
EndProject
Project("{FAE04EC0-301F-11D3-BF4B-00C04F79EFBC}") = "WTM.Api", "WTM.Api\WTM.Api.csproj", "{9FE02934-4052-4389-A196-F83DCAF2613F}"
EndProject
Project("{2150E333-8FDC-42A3-9474-1A3956D46DE8}") = "PublishScripts", "PublishScripts", "{97602895-82C2-4982-A093-893C4CCC965A}"
	ProjectSection(SolutionItems) = preProject
		PublishScripts\AzureWebsitePublishModule.psm1 = PublishScripts\AzureWebsitePublishModule.psm1
		PublishScripts\Publish-WebApplicationWebsite.ps1 = PublishScripts\Publish-WebApplicationWebsite.ps1
	EndProjectSection
EndProject
Project("{2150E333-8FDC-42A3-9474-1A3956D46DE8}") = "Configurations", "Configurations", "{6F79842E-956B-466C-AD6D-C6A94881B799}"
	ProjectSection(SolutionItems) = preProject
		PublishScripts\Configurations\WTMApi-WAWS-dev.json = PublishScripts\Configurations\WTMApi-WAWS-dev.json
	EndProjectSection
EndProject
Project("{FAE04EC0-301F-11D3-BF4B-00C04F79EFBC}") = "WTM.Core", "WTM.Core\WTM.Core.csproj", "{0D34CC8D-817B-419D-8EC6-F524E65F0FCC}"
EndProject
Project("{2150E333-8FDC-42A3-9474-1A3956D46DE8}") = "Mobile", "Mobile", "{C22C5396-B477-4405-9CFC-8D9EFF6D2426}"
EndProject
Project("{FAE04EC0-301F-11D3-BF4B-00C04F79EFBC}") = "WTM.Mobile.Core", "WTM.Mobile.Core\WTM.Mobile.Core.csproj", "{1F38DFE6-3F8A-4E28-8FD1-4A722225F2E9}"
EndProject
Project("{FAE04EC0-301F-11D3-BF4B-00C04F79EFBC}") = "WTM.Mobile.Droid", "WTM.Mobile.Droid\WTM.Mobile.Droid.csproj", "{4AF4487D-0C3E-4384-BA68-62CB1680C648}"
EndProject
Project("{FAE04EC0-301F-11D3-BF4B-00C04F79EFBC}") = "WTM.Api.Client", "WTM.Api.Client\WTM.Api.Client.csproj", "{6661369F-3C0F-41B6-946B-9EA27DD13FE3}"
EndProject
Project("{2150E333-8FDC-42A3-9474-1A3956D46DE8}") = ".nuget", ".nuget", "{BE45B746-C0D8-4118-B52A-5D6FC6B8BE75}"
	ProjectSection(SolutionItems) = preProject
		.nuget\packages.config = .nuget\packages.config
	EndProjectSection
EndProject
Project("{2150E333-8FDC-42A3-9474-1A3956D46DE8}") = "Misc", "Misc", "{6FB28AA6-B76D-4DA2-90ED-CFAEE95B2FB5}"
	ProjectSection(SolutionItems) = preProject
		CHANGELOG.txt = CHANGELOG.txt
		LICENSE = LICENSE
		README.md = README.md
	EndProjectSection
EndProject
Project("{FAE04EC0-301F-11D3-BF4B-00C04F79EFBC}") = "WTM.Common", "WTM.Common\WTM.Common.csproj", "{575FCAB7-D35E-443E-B9A3-2AB4931415F7}"
EndProject
Project("{FAE04EC0-301F-11D3-BF4B-00C04F79EFBC}") = "WTM.Api.Test", "WTM.Api.Test\WTM.Api.Test.csproj", "{4F1B6417-4B3C-4540-A5C7-CC01CA9FD3C7}"
EndProject
Project("{FAE04EC0-301F-11D3-BF4B-00C04F79EFBC}") = "WTM.Mobile.Core.Test", "WTM.Mobile.Core.Test\WTM.Mobile.Core.Test.csproj", "{1D554FE2-4428-4F51-9D11-C9D8FC9D9B39}"
EndProject
Global
	GlobalSection(SolutionConfigurationPlatforms) = preSolution
		Debug|Any CPU = Debug|Any CPU
		Release|Any CPU = Release|Any CPU
	EndGlobalSection
	GlobalSection(ProjectConfigurationPlatforms) = postSolution
		{0A433949-DD18-4B4F-A31E-61415FC2A38A}.Debug|Any CPU.ActiveCfg = Debug|Any CPU
		{0A433949-DD18-4B4F-A31E-61415FC2A38A}.Debug|Any CPU.Build.0 = Debug|Any CPU
		{0A433949-DD18-4B4F-A31E-61415FC2A38A}.Release|Any CPU.ActiveCfg = Release|Any CPU
		{0A433949-DD18-4B4F-A31E-61415FC2A38A}.Release|Any CPU.Build.0 = Release|Any CPU
		{1022C2E5-EF1A-474A-BE00-46BF578DCEAE}.Debug|Any CPU.ActiveCfg = Debug|Any CPU
		{1022C2E5-EF1A-474A-BE00-46BF578DCEAE}.Debug|Any CPU.Build.0 = Debug|Any CPU
		{1022C2E5-EF1A-474A-BE00-46BF578DCEAE}.Release|Any CPU.ActiveCfg = Release|Any CPU
		{1022C2E5-EF1A-474A-BE00-46BF578DCEAE}.Release|Any CPU.Build.0 = Release|Any CPU
		{DAE4D85C-A8B4-4E9B-925D-E83F561416C7}.Debug|Any CPU.ActiveCfg = Debug|Any CPU
		{DAE4D85C-A8B4-4E9B-925D-E83F561416C7}.Debug|Any CPU.Build.0 = Debug|Any CPU
		{DAE4D85C-A8B4-4E9B-925D-E83F561416C7}.Release|Any CPU.ActiveCfg = Release|Any CPU
		{DAE4D85C-A8B4-4E9B-925D-E83F561416C7}.Release|Any CPU.Build.0 = Release|Any CPU
		{260C6A5F-983C-43B5-BADE-AD285CDBA2B9}.Debug|Any CPU.ActiveCfg = Debug|Any CPU
		{260C6A5F-983C-43B5-BADE-AD285CDBA2B9}.Debug|Any CPU.Build.0 = Debug|Any CPU
		{260C6A5F-983C-43B5-BADE-AD285CDBA2B9}.Release|Any CPU.ActiveCfg = Release|Any CPU
		{260C6A5F-983C-43B5-BADE-AD285CDBA2B9}.Release|Any CPU.Build.0 = Release|Any CPU
		{9FE02934-4052-4389-A196-F83DCAF2613F}.Debug|Any CPU.ActiveCfg = Debug|Any CPU
		{9FE02934-4052-4389-A196-F83DCAF2613F}.Debug|Any CPU.Build.0 = Debug|Any CPU
		{9FE02934-4052-4389-A196-F83DCAF2613F}.Release|Any CPU.ActiveCfg = Release|Any CPU
		{9FE02934-4052-4389-A196-F83DCAF2613F}.Release|Any CPU.Build.0 = Release|Any CPU
		{0D34CC8D-817B-419D-8EC6-F524E65F0FCC}.Debug|Any CPU.ActiveCfg = Debug|Any CPU
		{0D34CC8D-817B-419D-8EC6-F524E65F0FCC}.Debug|Any CPU.Build.0 = Debug|Any CPU
		{0D34CC8D-817B-419D-8EC6-F524E65F0FCC}.Release|Any CPU.ActiveCfg = Release|Any CPU
		{0D34CC8D-817B-419D-8EC6-F524E65F0FCC}.Release|Any CPU.Build.0 = Release|Any CPU
		{1F38DFE6-3F8A-4E28-8FD1-4A722225F2E9}.Debug|Any CPU.ActiveCfg = Debug|Any CPU
		{1F38DFE6-3F8A-4E28-8FD1-4A722225F2E9}.Debug|Any CPU.Build.0 = Debug|Any CPU
		{1F38DFE6-3F8A-4E28-8FD1-4A722225F2E9}.Release|Any CPU.ActiveCfg = Release|Any CPU
		{1F38DFE6-3F8A-4E28-8FD1-4A722225F2E9}.Release|Any CPU.Build.0 = Release|Any CPU
		{4AF4487D-0C3E-4384-BA68-62CB1680C648}.Debug|Any CPU.ActiveCfg = Debug|Any CPU
		{4AF4487D-0C3E-4384-BA68-62CB1680C648}.Debug|Any CPU.Build.0 = Debug|Any CPU
		{4AF4487D-0C3E-4384-BA68-62CB1680C648}.Debug|Any CPU.Deploy.0 = Debug|Any CPU
		{4AF4487D-0C3E-4384-BA68-62CB1680C648}.Release|Any CPU.ActiveCfg = Release|Any CPU
		{4AF4487D-0C3E-4384-BA68-62CB1680C648}.Release|Any CPU.Build.0 = Release|Any CPU
		{4AF4487D-0C3E-4384-BA68-62CB1680C648}.Release|Any CPU.Deploy.0 = Release|Any CPU
		{6661369F-3C0F-41B6-946B-9EA27DD13FE3}.Debug|Any CPU.ActiveCfg = Debug|Any CPU
		{6661369F-3C0F-41B6-946B-9EA27DD13FE3}.Debug|Any CPU.Build.0 = Debug|Any CPU
		{6661369F-3C0F-41B6-946B-9EA27DD13FE3}.Release|Any CPU.ActiveCfg = Release|Any CPU
		{6661369F-3C0F-41B6-946B-9EA27DD13FE3}.Release|Any CPU.Build.0 = Release|Any CPU
		{575FCAB7-D35E-443E-B9A3-2AB4931415F7}.Debug|Any CPU.ActiveCfg = Debug|Any CPU
		{575FCAB7-D35E-443E-B9A3-2AB4931415F7}.Debug|Any CPU.Build.0 = Debug|Any CPU
		{575FCAB7-D35E-443E-B9A3-2AB4931415F7}.Release|Any CPU.ActiveCfg = Release|Any CPU
		{575FCAB7-D35E-443E-B9A3-2AB4931415F7}.Release|Any CPU.Build.0 = Release|Any CPU
		{4F1B6417-4B3C-4540-A5C7-CC01CA9FD3C7}.Debug|Any CPU.ActiveCfg = Debug|Any CPU
		{4F1B6417-4B3C-4540-A5C7-CC01CA9FD3C7}.Debug|Any CPU.Build.0 = Debug|Any CPU
		{4F1B6417-4B3C-4540-A5C7-CC01CA9FD3C7}.Release|Any CPU.ActiveCfg = Release|Any CPU
		{4F1B6417-4B3C-4540-A5C7-CC01CA9FD3C7}.Release|Any CPU.Build.0 = Release|Any CPU
		{1D554FE2-4428-4F51-9D11-C9D8FC9D9B39}.Debug|Any CPU.ActiveCfg = Debug|Any CPU
		{1D554FE2-4428-4F51-9D11-C9D8FC9D9B39}.Debug|Any CPU.Build.0 = Debug|Any CPU
		{1D554FE2-4428-4F51-9D11-C9D8FC9D9B39}.Release|Any CPU.ActiveCfg = Release|Any CPU
		{1D554FE2-4428-4F51-9D11-C9D8FC9D9B39}.Release|Any CPU.Build.0 = Release|Any CPU
	EndGlobalSection
	GlobalSection(SolutionProperties) = preSolution
		HideSolutionNode = FALSE
	EndGlobalSection
	GlobalSection(NestedProjects) = preSolution
		{1022C2E5-EF1A-474A-BE00-46BF578DCEAE} = {2FD81C3D-787D-46B8-8062-3701330371F6}
		{DAE4D85C-A8B4-4E9B-925D-E83F561416C7} = {2FD81C3D-787D-46B8-8062-3701330371F6}
		{6F79842E-956B-466C-AD6D-C6A94881B799} = {97602895-82C2-4982-A093-893C4CCC965A}
		{1F38DFE6-3F8A-4E28-8FD1-4A722225F2E9} = {C22C5396-B477-4405-9CFC-8D9EFF6D2426}
		{4AF4487D-0C3E-4384-BA68-62CB1680C648} = {C22C5396-B477-4405-9CFC-8D9EFF6D2426}
		{4F1B6417-4B3C-4540-A5C7-CC01CA9FD3C7} = {2FD81C3D-787D-46B8-8062-3701330371F6}
		{1D554FE2-4428-4F51-9D11-C9D8FC9D9B39} = {2FD81C3D-787D-46B8-8062-3701330371F6}
	EndGlobalSection
EndGlobal
