
Microsoft Visual Studio Solution File, Format Version 12.00
# Visual Studio 2013
VisualStudioVersion = 12.0.31101.0
MinimumVisualStudioVersion = 10.0.40219.1
Project("{FAE04EC0-301F-11D3-BF4B-00C04F79EFBC}") = "WTM.WebsiteClient", "WTM.WebsiteClient\WTM.WebsiteClient.csproj", "{0A433949-DD18-4B4F-A31E-61415FC2A38A}"
EndProject
Project("{FAE04EC0-301F-11D3-BF4B-00C04F79EFBC}") = "WTM.WebsiteClient.Test", "WTM.WebsiteClient.Test\WTM.WebsiteClient.Test.csproj", "{1022C2E5-EF1A-474A-BE00-46BF578DCEAE}"
EndProject
Project("{FAE04EC0-301F-11D3-BF4B-00C04F79EFBC}") = "WTM.Core", "WTM.Core\WTM.Core.csproj", "{72080394-C300-4C0A-93FE-7D6EA0FA34D1}"
EndProject
Project("{FAE04EC0-301F-11D3-BF4B-00C04F79EFBC}") = "WTM.Core.Test", "WTM.Core.Test\WTM.Core.Test.csproj", "{29F0CC39-928B-4B58-B583-B3E89B6FF14E}"
EndProject
Project("{2150E333-8FDC-42A3-9474-1A3956D46DE8}") = "Tests", "Tests", "{2FD81C3D-787D-46B8-8062-3701330371F6}"
EndProject
Project("{FAE04EC0-301F-11D3-BF4B-00C04F79EFBC}") = "WTM.Domain", "WTM.Domain\WTM.Domain.csproj", "{260C6A5F-983C-43B5-BADE-AD285CDBA2B9}"
EndProject
Global
	GlobalSection(SolutionConfigurationPlatforms) = preSolution
		Debug|Any CPU = Debug|Any CPU
		Release|Any CPU = Release|Any CPU
	EndGlobalSection
	GlobalSection(ProjectConfigurationPlatforms) = postSolution
		{0A433949-DD18-4B4F-A31E-61415FC2A38A}.Debug|Any CPU.ActiveCfg = Debug|Any CPU
		{0A433949-DD18-4B4F-A31E-61415FC2A38A}.Debug|Any CPU.Build.0 = Debug|Any CPU
		{0A433949-DD18-4B4F-A31E-61415FC2A38A}.Release|Any CPU.ActiveCfg = Release|Any CPU
		{0A433949-DD18-4B4F-A31E-61415FC2A38A}.Release|Any CPU.Build.0 = Release|Any CPU
		{1022C2E5-EF1A-474A-BE00-46BF578DCEAE}.Debug|Any CPU.ActiveCfg = Debug|Any CPU
		{1022C2E5-EF1A-474A-BE00-46BF578DCEAE}.Debug|Any CPU.Build.0 = Debug|Any CPU
		{1022C2E5-EF1A-474A-BE00-46BF578DCEAE}.Release|Any CPU.ActiveCfg = Release|Any CPU
		{1022C2E5-EF1A-474A-BE00-46BF578DCEAE}.Release|Any CPU.Build.0 = Release|Any CPU
		{72080394-C300-4C0A-93FE-7D6EA0FA34D1}.Debug|Any CPU.ActiveCfg = Debug|Any CPU
		{72080394-C300-4C0A-93FE-7D6EA0FA34D1}.Debug|Any CPU.Build.0 = Debug|Any CPU
		{72080394-C300-4C0A-93FE-7D6EA0FA34D1}.Release|Any CPU.ActiveCfg = Release|Any CPU
		{72080394-C300-4C0A-93FE-7D6EA0FA34D1}.Release|Any CPU.Build.0 = Release|Any CPU
		{29F0CC39-928B-4B58-B583-B3E89B6FF14E}.Debug|Any CPU.ActiveCfg = Debug|Any CPU
		{29F0CC39-928B-4B58-B583-B3E89B6FF14E}.Debug|Any CPU.Build.0 = Debug|Any CPU
		{29F0CC39-928B-4B58-B583-B3E89B6FF14E}.Release|Any CPU.ActiveCfg = Release|Any CPU
		{29F0CC39-928B-4B58-B583-B3E89B6FF14E}.Release|Any CPU.Build.0 = Release|Any CPU
		{260C6A5F-983C-43B5-BADE-AD285CDBA2B9}.Debug|Any CPU.ActiveCfg = Debug|Any CPU
		{260C6A5F-983C-43B5-BADE-AD285CDBA2B9}.Debug|Any CPU.Build.0 = Debug|Any CPU
		{260C6A5F-983C-43B5-BADE-AD285CDBA2B9}.Release|Any CPU.ActiveCfg = Release|Any CPU
		{260C6A5F-983C-43B5-BADE-AD285CDBA2B9}.Release|Any CPU.Build.0 = Release|Any CPU
	EndGlobalSection
	GlobalSection(SolutionProperties) = preSolution
		HideSolutionNode = FALSE
	EndGlobalSection
	GlobalSection(NestedProjects) = preSolution
		{1022C2E5-EF1A-474A-BE00-46BF578DCEAE} = {2FD81C3D-787D-46B8-8062-3701330371F6}
		{29F0CC39-928B-4B58-B583-B3E89B6FF14E} = {2FD81C3D-787D-46B8-8062-3701330371F6}
	EndGlobalSection
EndGlobal
