
Microsoft Visual Studio Solution File, Format Version 12.00
# Visual Studio 2013
VisualStudioVersion = 12.0.31101.0
MinimumVisualStudioVersion = 10.0.40219.1
Project("{FAE04EC0-301F-11D3-BF4B-00C04F79EFBC}") = "WTM.WebsiteClient", "WTM.WebsiteClient\WTM.WebsiteClient.csproj", "{0A433949-DD18-4B4F-A31E-61415FC2A38A}"
EndProject
Project("{FAE04EC0-301F-11D3-BF4B-00C04F79EFBC}") = "WTM.WebsiteClient.Test", "WTM.WebsiteClient.Test\WTM.WebsiteClient.Test.csproj", "{1022C2E5-EF1A-474A-BE00-46BF578DCEAE}"
EndProject
Global
	GlobalSection(SolutionConfigurationPlatforms) = preSolution
		Debug|Any CPU = Debug|Any CPU
		Release|Any CPU = Release|Any CPU
	EndGlobalSection
	GlobalSection(ProjectConfigurationPlatforms) = postSolution
		{0A433949-DD18-4B4F-A31E-61415FC2A38A}.Debug|Any CPU.ActiveCfg = Debug|Any CPU
		{0A433949-DD18-4B4F-A31E-61415FC2A38A}.Debug|Any CPU.Build.0 = Debug|Any CPU
		{0A433949-DD18-4B4F-A31E-61415FC2A38A}.Release|Any CPU.ActiveCfg = Release|Any CPU
		{0A433949-DD18-4B4F-A31E-61415FC2A38A}.Release|Any CPU.Build.0 = Release|Any CPU
		{1022C2E5-EF1A-474A-BE00-46BF578DCEAE}.Debug|Any CPU.ActiveCfg = Debug|Any CPU
		{1022C2E5-EF1A-474A-BE00-46BF578DCEAE}.Debug|Any CPU.Build.0 = Debug|Any CPU
		{1022C2E5-EF1A-474A-BE00-46BF578DCEAE}.Release|Any CPU.ActiveCfg = Release|Any CPU
		{1022C2E5-EF1A-474A-BE00-46BF578DCEAE}.Release|Any CPU.Build.0 = Release|Any CPU
	EndGlobalSection
	GlobalSection(SolutionProperties) = preSolution
		HideSolutionNode = FALSE
	EndGlobalSection
EndGlobal
